
Microsoft Visual Studio Solution File, Format Version 12.00
# Visual Studio Version 16
VisualStudioVersion = 16.0.30114.105
MinimumVisualStudioVersion = 10.0.40219.1
Project("{FAE04EC0-301F-11D3-BF4B-00C04F79EFBC}") = "TowMotorDLL", "TowMotorDLL\TowMotorDLL.csproj", "{F63BF28F-75E1-49B6-A1B8-587C7EC242CD}"
EndProject
Global
	GlobalSection(SolutionConfigurationPlatforms) = preSolution
		Debug|Any CPU = Debug|Any CPU
		Release|Any CPU = Release|Any CPU
	EndGlobalSection
	GlobalSection(ProjectConfigurationPlatforms) = postSolution
		{F63BF28F-75E1-49B6-A1B8-587C7EC242CD}.Debug|Any CPU.ActiveCfg = Debug|Any CPU
		{F63BF28F-75E1-49B6-A1B8-587C7EC242CD}.Debug|Any CPU.Build.0 = Debug|Any CPU
		{F63BF28F-75E1-49B6-A1B8-587C7EC242CD}.Release|Any CPU.ActiveCfg = Release|Any CPU
		{F63BF28F-75E1-49B6-A1B8-587C7EC242CD}.Release|Any CPU.Build.0 = Release|Any CPU
	EndGlobalSection
	GlobalSection(SolutionProperties) = preSolution
		HideSolutionNode = FALSE
	EndGlobalSection
	GlobalSection(ExtensibilityGlobals) = postSolution
		SolutionGuid = {BD0E5E89-C01E-4F49-9C84-6CDF7CC74F2D}
	EndGlobalSection
EndGlobal
